
Microsoft Visual Studio Solution File, Format Version 12.00
# Visual Studio 14
VisualStudioVersion = 14.0.24720.0
MinimumVisualStudioVersion = 10.0.40219.1
Project("{FAE04EC0-301F-11D3-BF4B-00C04F79EFBC}") = "GigHub", "GigHub\GigHub.csproj", "{D42FEEA1-04DB-45CC-B7B0-7866A20CE2A5}"
EndProject
Project("{FAE04EC0-301F-11D3-BF4B-00C04F79EFBC}") = "GigHub.Tests", "GigHub.Tests\GigHub.Tests.csproj", "{A099AC36-3174-47F7-9AEB-D92AE303B4B7}"
EndProject
Global
	GlobalSection(SolutionConfigurationPlatforms) = preSolution
		Debug|Any CPU = Debug|Any CPU
		Release|Any CPU = Release|Any CPU
	EndGlobalSection
	GlobalSection(ProjectConfigurationPlatforms) = postSolution
		{D42FEEA1-04DB-45CC-B7B0-7866A20CE2A5}.Debug|Any CPU.ActiveCfg = Debug|Any CPU
		{D42FEEA1-04DB-45CC-B7B0-7866A20CE2A5}.Debug|Any CPU.Build.0 = Debug|Any CPU
		{D42FEEA1-04DB-45CC-B7B0-7866A20CE2A5}.Release|Any CPU.ActiveCfg = Release|Any CPU
		{D42FEEA1-04DB-45CC-B7B0-7866A20CE2A5}.Release|Any CPU.Build.0 = Release|Any CPU
		{A099AC36-3174-47F7-9AEB-D92AE303B4B7}.Debug|Any CPU.ActiveCfg = Debug|Any CPU
		{A099AC36-3174-47F7-9AEB-D92AE303B4B7}.Debug|Any CPU.Build.0 = Debug|Any CPU
		{A099AC36-3174-47F7-9AEB-D92AE303B4B7}.Release|Any CPU.ActiveCfg = Release|Any CPU
		{A099AC36-3174-47F7-9AEB-D92AE303B4B7}.Release|Any CPU.Build.0 = Release|Any CPU
	EndGlobalSection
	GlobalSection(SolutionProperties) = preSolution
		HideSolutionNode = FALSE
	EndGlobalSection
EndGlobal
